
Microsoft Visual Studio Solution File, Format Version 12.00
# Visual Studio Version 17
VisualStudioVersion = 17.14.36401.2 d17.14
MinimumVisualStudioVersion = 10.0.40219.1
Project("{FAE04EC0-301F-11D3-BF4B-00C04F79EFBC}") = "fila_de_banco", "fila_de_banco\fila_de_banco.csproj", "{48137D63-E9B0-4A8C-A857-86BCED0EA1FB}"
EndProject
Global
	GlobalSection(SolutionConfigurationPlatforms) = preSolution
		Debug|Any CPU = Debug|Any CPU
		Release|Any CPU = Release|Any CPU
	EndGlobalSection
	GlobalSection(ProjectConfigurationPlatforms) = postSolution
		{48137D63-E9B0-4A8C-A857-86BCED0EA1FB}.Debug|Any CPU.ActiveCfg = Debug|Any CPU
		{48137D63-E9B0-4A8C-A857-86BCED0EA1FB}.Debug|Any CPU.Build.0 = Debug|Any CPU
		{48137D63-E9B0-4A8C-A857-86BCED0EA1FB}.Release|Any CPU.ActiveCfg = Release|Any CPU
		{48137D63-E9B0-4A8C-A857-86BCED0EA1FB}.Release|Any CPU.Build.0 = Release|Any CPU
	EndGlobalSection
	GlobalSection(SolutionProperties) = preSolution
		HideSolutionNode = FALSE
	EndGlobalSection
	GlobalSection(ExtensibilityGlobals) = postSolution
		SolutionGuid = {FF648EA0-D5F6-4FF9-ADCA-0F9822B452D5}
	EndGlobalSection
EndGlobal
